
Microsoft Visual Studio Solution File, Format Version 12.00
# Visual Studio Version 17
VisualStudioVersion = 17.1.32210.238
MinimumVisualStudioVersion = 10.0.40219.1
Project("{FAE04EC0-301F-11D3-BF4B-00C04F79EFBC}") = "teste-logica", "teste-logica.csproj", "{3CACC121-71CE-4658-A95F-D02478444222}"
EndProject
Global
	GlobalSection(SolutionConfigurationPlatforms) = preSolution
		Debug|Any CPU = Debug|Any CPU
		Release|Any CPU = Release|Any CPU
	EndGlobalSection
	GlobalSection(ProjectConfigurationPlatforms) = postSolution
		{3CACC121-71CE-4658-A95F-D02478444222}.Debug|Any CPU.ActiveCfg = Debug|Any CPU
		{3CACC121-71CE-4658-A95F-D02478444222}.Debug|Any CPU.Build.0 = Debug|Any CPU
		{3CACC121-71CE-4658-A95F-D02478444222}.Release|Any CPU.ActiveCfg = Release|Any CPU
		{3CACC121-71CE-4658-A95F-D02478444222}.Release|Any CPU.Build.0 = Release|Any CPU
	EndGlobalSection
	GlobalSection(SolutionProperties) = preSolution
		HideSolutionNode = FALSE
	EndGlobalSection
	GlobalSection(ExtensibilityGlobals) = postSolution
		SolutionGuid = {A6AF1858-58DE-4AF1-B26C-000B325CA554}
	EndGlobalSection
EndGlobal
